
Microsoft Visual Studio Solution File, Format Version 12.00
# Visual Studio Version 17
VisualStudioVersion = 17.13.35806.99 d17.13
MinimumVisualStudioVersion = 10.0.40219.1
Project("{FAE04EC0-301F-11D3-BF4B-00C04F79EFBC}") = "AdminWebApp", "AdminWebApp\AdminWebApp.csproj", "{55F595F1-BD38-498C-8C8F-78F28AEEF3E5}"
EndProject
Global
	GlobalSection(SolutionConfigurationPlatforms) = preSolution
		Debug|Any CPU = Debug|Any CPU
		Release|Any CPU = Release|Any CPU
	EndGlobalSection
	GlobalSection(ProjectConfigurationPlatforms) = postSolution
		{55F595F1-BD38-498C-8C8F-78F28AEEF3E5}.Debug|Any CPU.ActiveCfg = Debug|Any CPU
		{55F595F1-BD38-498C-8C8F-78F28AEEF3E5}.Debug|Any CPU.Build.0 = Debug|Any CPU
		{55F595F1-BD38-498C-8C8F-78F28AEEF3E5}.Release|Any CPU.ActiveCfg = Release|Any CPU
		{55F595F1-BD38-498C-8C8F-78F28AEEF3E5}.Release|Any CPU.Build.0 = Release|Any CPU
	EndGlobalSection
	GlobalSection(SolutionProperties) = preSolution
		HideSolutionNode = FALSE
	EndGlobalSection
	GlobalSection(ExtensibilityGlobals) = postSolution
		SolutionGuid = {ACC4B194-CB62-4CF5-AD23-9F152292FB60}
	EndGlobalSection
EndGlobal
